
Microsoft Visual Studio Solution File, Format Version 12.00
# Visual Studio Version 16
VisualStudioVersion = 16.6.30114.105
MinimumVisualStudioVersion = 10.0.40219.1
Project("{9A19103F-16F7-4668-BE54-9A1E7A4F7556}") = "R5T.D0101.I0001", "R5T.D0101.I0001\R5T.D0101.I0001.csproj", "{E36A7EA9-A88D-40ED-81CB-DB2704BDCA6C}"
EndProject
Project("{2150E333-8FDC-42A3-9474-1A3956D46DE8}") = "_Dependencies", "_Dependencies", "{E052E523-8633-496C-8EAD-A6646AFAA08F}"
EndProject
Project("{9A19103F-16F7-4668-BE54-9A1E7A4F7556}") = "R5T.D0101.I001", "..\..\R5T.D0101\source\R5T.D0101.I001\R5T.D0101.I001.csproj", "{83C10928-8246-40DC-99CC-DC78C0A96848}"
EndProject
Global
	GlobalSection(SolutionConfigurationPlatforms) = preSolution
		Debug|Any CPU = Debug|Any CPU
		Debug|x64 = Debug|x64
		Debug|x86 = Debug|x86
		Release|Any CPU = Release|Any CPU
		Release|x64 = Release|x64
		Release|x86 = Release|x86
	EndGlobalSection
	GlobalSection(ProjectConfigurationPlatforms) = postSolution
		{E36A7EA9-A88D-40ED-81CB-DB2704BDCA6C}.Debug|Any CPU.ActiveCfg = Debug|Any CPU
		{E36A7EA9-A88D-40ED-81CB-DB2704BDCA6C}.Debug|Any CPU.Build.0 = Debug|Any CPU
		{E36A7EA9-A88D-40ED-81CB-DB2704BDCA6C}.Debug|x64.ActiveCfg = Debug|Any CPU
		{E36A7EA9-A88D-40ED-81CB-DB2704BDCA6C}.Debug|x64.Build.0 = Debug|Any CPU
		{E36A7EA9-A88D-40ED-81CB-DB2704BDCA6C}.Debug|x86.ActiveCfg = Debug|Any CPU
		{E36A7EA9-A88D-40ED-81CB-DB2704BDCA6C}.Debug|x86.Build.0 = Debug|Any CPU
		{E36A7EA9-A88D-40ED-81CB-DB2704BDCA6C}.Release|Any CPU.ActiveCfg = Release|Any CPU
		{E36A7EA9-A88D-40ED-81CB-DB2704BDCA6C}.Release|Any CPU.Build.0 = Release|Any CPU
		{E36A7EA9-A88D-40ED-81CB-DB2704BDCA6C}.Release|x64.ActiveCfg = Release|Any CPU
		{E36A7EA9-A88D-40ED-81CB-DB2704BDCA6C}.Release|x64.Build.0 = Release|Any CPU
		{E36A7EA9-A88D-40ED-81CB-DB2704BDCA6C}.Release|x86.ActiveCfg = Release|Any CPU
		{E36A7EA9-A88D-40ED-81CB-DB2704BDCA6C}.Release|x86.Build.0 = Release|Any CPU
		{83C10928-8246-40DC-99CC-DC78C0A96848}.Debug|Any CPU.ActiveCfg = Debug|Any CPU
		{83C10928-8246-40DC-99CC-DC78C0A96848}.Debug|Any CPU.Build.0 = Debug|Any CPU
		{83C10928-8246-40DC-99CC-DC78C0A96848}.Debug|x64.ActiveCfg = Debug|Any CPU
		{83C10928-8246-40DC-99CC-DC78C0A96848}.Debug|x64.Build.0 = Debug|Any CPU
		{83C10928-8246-40DC-99CC-DC78C0A96848}.Debug|x86.ActiveCfg = Debug|Any CPU
		{83C10928-8246-40DC-99CC-DC78C0A96848}.Debug|x86.Build.0 = Debug|Any CPU
		{83C10928-8246-40DC-99CC-DC78C0A96848}.Release|Any CPU.ActiveCfg = Release|Any CPU
		{83C10928-8246-40DC-99CC-DC78C0A96848}.Release|Any CPU.Build.0 = Release|Any CPU
		{83C10928-8246-40DC-99CC-DC78C0A96848}.Release|x64.ActiveCfg = Release|Any CPU
		{83C10928-8246-40DC-99CC-DC78C0A96848}.Release|x64.Build.0 = Release|Any CPU
		{83C10928-8246-40DC-99CC-DC78C0A96848}.Release|x86.ActiveCfg = Release|Any CPU
		{83C10928-8246-40DC-99CC-DC78C0A96848}.Release|x86.Build.0 = Release|Any CPU
	EndGlobalSection
	GlobalSection(SolutionProperties) = preSolution
		HideSolutionNode = FALSE
	EndGlobalSection
	GlobalSection(NestedProjects) = preSolution
		{83C10928-8246-40DC-99CC-DC78C0A96848} = {E052E523-8633-496C-8EAD-A6646AFAA08F}
	EndGlobalSection
	GlobalSection(ExtensibilityGlobals) = postSolution
		SolutionGuid = {5E1CE253-7AFC-43C9-8EBE-F75F8F316B7F}
	EndGlobalSection
EndGlobal
