
Microsoft Visual Studio Solution File, Format Version 12.00
# Visual Studio Version 17
VisualStudioVersion = 17.8.34525.116
MinimumVisualStudioVersion = 10.0.40219.1
Project("{9A19103F-16F7-4668-BE54-9A1E7A4F7556}") = "R5T.D0101.I0001", "R5T.D0101.I0001\R5T.D0101.I0001.csproj", "{E36A7EA9-A88D-40ED-81CB-DB2704BDCA6C}"
EndProject
Project("{2150E333-8FDC-42A3-9474-1A3956D46DE8}") = "_Dependencies", "_Dependencies", "{E052E523-8633-496C-8EAD-A6646AFAA08F}"
EndProject
Project("{9A19103F-16F7-4668-BE54-9A1E7A4F7556}") = "R5T.D0101.I001", "..\..\R5T.D0101\source\R5T.D0101.I001\R5T.D0101.I001.csproj", "{83C10928-8246-40DC-99CC-DC78C0A96848}"
EndProject
Project("{9A19103F-16F7-4668-BE54-9A1E7A4F7556}") = "R5T.D0100.Base", "..\..\R5T.D0100\source\R5T.D0100.Base\R5T.D0100.Base.csproj", "{4A9C36EB-C699-4FE9-A768-ED34A0A9C8CA}"
EndProject
Project("{9A19103F-16F7-4668-BE54-9A1E7A4F7556}") = "R5T.D0101.Base", "..\..\R5T.D0101\source\R5T.D0101.Base\R5T.D0101.Base.csproj", "{76F0BFDF-E94D-4940-A4E2-B3F332DD1C8D}"
EndProject
Project("{9A19103F-16F7-4668-BE54-9A1E7A4F7556}") = "R5T.D0101.X001", "..\..\R5T.D0101\source\R5T.D0101.X001\R5T.D0101.X001.csproj", "{A605056E-CF6D-4F63-9062-170F33AEF944}"
EndProject
Project("{9A19103F-16F7-4668-BE54-9A1E7A4F7556}") = "R5T.L0013", "..\..\R5T.L0013\source\R5T.L0013\R5T.L0013.csproj", "{3B41D7FD-1540-453E-BCDA-4C8F88658AA1}"
EndProject
Project("{9A19103F-16F7-4668-BE54-9A1E7A4F7556}") = "R5T.L0019.X001", "..\..\R5T.L0019\source\R5T.L0019.X001\R5T.L0019.X001.csproj", "{B21267B7-D581-49C8-83AB-A01F42C3FA6B}"
EndProject
Project("{9A19103F-16F7-4668-BE54-9A1E7A4F7556}") = "R5T.L0019", "..\..\R5T.L0019\source\R5T.L0019\R5T.L0019.csproj", "{5F15AF69-8A30-434F-B57E-2A7F7D887DB8}"
EndProject
Project("{9A19103F-16F7-4668-BE54-9A1E7A4F7556}") = "R5T.Magyar", "..\..\R5T.Magyar\source\R5T.Magyar\R5T.Magyar.csproj", "{EAAE9A24-10AF-43DB-B038-66741CD19F41}"
EndProject
Project("{9A19103F-16F7-4668-BE54-9A1E7A4F7556}") = "R5T.T0039.T002", "..\..\R5T.T0039\source\R5T.T0039.T002\R5T.T0039.T002.csproj", "{EE3B7C91-6C78-44B5-92BD-49C151B7FB93}"
EndProject
Project("{9A19103F-16F7-4668-BE54-9A1E7A4F7556}") = "R5T.T0042.X001", "..\..\R5T.T0042\source\R5T.T0042.X001\R5T.T0042.X001.csproj", "{B20A5B57-9F55-4E85-82F7-0F10988885F0}"
EndProject
Project("{9A19103F-16F7-4668-BE54-9A1E7A4F7556}") = "R5T.T0042", "..\..\R5T.T0042\source\R5T.T0042\R5T.T0042.csproj", "{E8140D95-15FD-4616-BCE7-44FF218496E6}"
EndProject
Project("{9A19103F-16F7-4668-BE54-9A1E7A4F7556}") = "R5T.T0044.X001", "..\..\R5T.T0044\source\R5T.T0044.X001\R5T.T0044.X001.csproj", "{71C4B0F5-8F38-40BF-94E5-DB6CBA1465E5}"
EndProject
Project("{9A19103F-16F7-4668-BE54-9A1E7A4F7556}") = "R5T.T0044", "..\..\R5T.T0044\source\R5T.T0044\R5T.T0044.csproj", "{EEB286C0-BD1A-49B6-998B-D3C560B4EB90}"
EndProject
Project("{9A19103F-16F7-4668-BE54-9A1E7A4F7556}") = "R5T.T0055.X001", "..\..\R5T.T0055\source\R5T.T0055.X001\R5T.T0055.X001.csproj", "{159C2749-CA75-4465-B636-9F939C52C6F2}"
EndProject
Project("{9A19103F-16F7-4668-BE54-9A1E7A4F7556}") = "R5T.T0055", "..\..\R5T.T0055\source\R5T.T0055\R5T.T0055.csproj", "{07EA19E3-AE05-48E4-AD11-3C4AF37F7AB2}"
EndProject
Project("{9A19103F-16F7-4668-BE54-9A1E7A4F7556}") = "R5T.T0057.X002", "..\..\R5T.T0057\source\R5T.T0057.X002\R5T.T0057.X002.csproj", "{04D09A45-D7F9-4874-8AC1-29E086037C31}"
EndProject
Project("{9A19103F-16F7-4668-BE54-9A1E7A4F7556}") = "R5T.T0057", "..\..\R5T.T0057\source\R5T.T0057\R5T.T0057.csproj", "{932C1E06-FC27-4858-932E-60CA4EFFE478}"
EndProject
Project("{9A19103F-16F7-4668-BE54-9A1E7A4F7556}") = "R5T.T0060", "..\..\R5T.T0060\source\R5T.T0060\R5T.T0060.csproj", "{A861F642-FFA2-46BC-8377-39F2A825F177}"
EndProject
Project("{9A19103F-16F7-4668-BE54-9A1E7A4F7556}") = "R5T.T0062.X001", "..\..\R5T.T0062\source\R5T.T0062.X001\R5T.T0062.X001.csproj", "{105CD243-9AD3-48EF-A784-FED83B4925DC}"
EndProject
Project("{9A19103F-16F7-4668-BE54-9A1E7A4F7556}") = "R5T.T0062", "..\..\R5T.T0062\source\R5T.T0062\R5T.T0062.csproj", "{60A0644C-726C-453A-BFB3-21B240F4E4F9}"
EndProject
Project("{9A19103F-16F7-4668-BE54-9A1E7A4F7556}") = "R5T.T0063", "..\..\R5T.T0063\source\R5T.T0063\R5T.T0063.csproj", "{6A8A7AD8-D1FD-4EB3-97DD-EB1810C57B24}"
EndProject
Project("{9A19103F-16F7-4668-BE54-9A1E7A4F7556}") = "R5T.T0064", "..\..\R5T.T0064\source\R5T.T0064\R5T.T0064.csproj", "{083361A9-12F1-4B64-9F11-90C434085746}"
EndProject
Project("{9A19103F-16F7-4668-BE54-9A1E7A4F7556}") = "R5T.T0092.X001", "..\..\R5T.T0092\source\R5T.T0092.X001\R5T.T0092.X001.csproj", "{27CE3EB7-3D5B-4AE4-A860-9C5314F9B8F1}"
EndProject
Project("{9A19103F-16F7-4668-BE54-9A1E7A4F7556}") = "R5T.T0092", "..\..\R5T.T0092\source\R5T.T0092\R5T.T0092.csproj", "{81B9996F-4B65-46E1-80F7-30B14697C0F8}"
EndProject
Project("{9A19103F-16F7-4668-BE54-9A1E7A4F7556}") = "R5T.T0093.X001", "..\..\R5T.T0093\source\R5T.T0093.X001\R5T.T0093.X001.csproj", "{FE6C51E1-76D3-44DE-98A5-8210936113E0}"
EndProject
Project("{9A19103F-16F7-4668-BE54-9A1E7A4F7556}") = "R5T.T0093", "..\..\R5T.T0093\source\R5T.T0093\R5T.T0093.csproj", "{EDDD65C7-DE13-4DDF-9D73-0EC2A16D11CE}"
EndProject
Project("{9A19103F-16F7-4668-BE54-9A1E7A4F7556}") = "R5T.T0094", "..\..\R5T.T0094\source\R5T.T0094\R5T.T0094.csproj", "{F0302FE7-B81D-4228-A7B8-F470169BB277}"
EndProject
Project("{9A19103F-16F7-4668-BE54-9A1E7A4F7556}") = "R5T.T0096.X001", "..\..\R5T.T0096\source\R5T.T0096.X001\R5T.T0096.X001.csproj", "{CA682DDC-8B21-4590-A617-243DEBC8AFA4}"
EndProject
Project("{9A19103F-16F7-4668-BE54-9A1E7A4F7556}") = "R5T.T0096", "..\..\R5T.T0096\source\R5T.T0096\R5T.T0096.csproj", "{4EC02608-B6E1-4F17-B22E-D2EA94B4F426}"
EndProject
Project("{9A19103F-16F7-4668-BE54-9A1E7A4F7556}") = "R5T.T0097.X002", "..\..\R5T.T0097\source\R5T.T0097.X002\R5T.T0097.X002.csproj", "{E8A3FFD2-98BD-41D7-B436-78017A51B447}"
EndProject
Project("{9A19103F-16F7-4668-BE54-9A1E7A4F7556}") = "R5T.T0097", "..\..\R5T.T0097\source\R5T.T0097\R5T.T0097.csproj", "{30B39BE0-2172-4052-8991-CEAE2A5A66E3}"
EndProject
Project("{9A19103F-16F7-4668-BE54-9A1E7A4F7556}") = "R5T.T0098", "..\..\R5T.T0098\source\R5T.T0098\R5T.T0098.csproj", "{970CE477-6AD5-42DA-AF45-28B04CDF1723}"
EndProject
Project("{9A19103F-16F7-4668-BE54-9A1E7A4F7556}") = "R5T.T0143", "..\..\R5T.T0143\source\R5T.T0143\R5T.T0143.csproj", "{8476D1B6-13B7-45CF-A1BC-31575419F954}"
EndProject
Global
	GlobalSection(SolutionConfigurationPlatforms) = preSolution
		Debug|Any CPU = Debug|Any CPU
		Debug|x64 = Debug|x64
		Debug|x86 = Debug|x86
		Release|Any CPU = Release|Any CPU
		Release|x64 = Release|x64
		Release|x86 = Release|x86
	EndGlobalSection
	GlobalSection(ProjectConfigurationPlatforms) = postSolution
		{E36A7EA9-A88D-40ED-81CB-DB2704BDCA6C}.Debug|Any CPU.ActiveCfg = Debug|Any CPU
		{E36A7EA9-A88D-40ED-81CB-DB2704BDCA6C}.Debug|Any CPU.Build.0 = Debug|Any CPU
		{E36A7EA9-A88D-40ED-81CB-DB2704BDCA6C}.Debug|x64.ActiveCfg = Debug|Any CPU
		{E36A7EA9-A88D-40ED-81CB-DB2704BDCA6C}.Debug|x64.Build.0 = Debug|Any CPU
		{E36A7EA9-A88D-40ED-81CB-DB2704BDCA6C}.Debug|x86.ActiveCfg = Debug|Any CPU
		{E36A7EA9-A88D-40ED-81CB-DB2704BDCA6C}.Debug|x86.Build.0 = Debug|Any CPU
		{E36A7EA9-A88D-40ED-81CB-DB2704BDCA6C}.Release|Any CPU.ActiveCfg = Release|Any CPU
		{E36A7EA9-A88D-40ED-81CB-DB2704BDCA6C}.Release|Any CPU.Build.0 = Release|Any CPU
		{E36A7EA9-A88D-40ED-81CB-DB2704BDCA6C}.Release|x64.ActiveCfg = Release|Any CPU
		{E36A7EA9-A88D-40ED-81CB-DB2704BDCA6C}.Release|x64.Build.0 = Release|Any CPU
		{E36A7EA9-A88D-40ED-81CB-DB2704BDCA6C}.Release|x86.ActiveCfg = Release|Any CPU
		{E36A7EA9-A88D-40ED-81CB-DB2704BDCA6C}.Release|x86.Build.0 = Release|Any CPU
		{83C10928-8246-40DC-99CC-DC78C0A96848}.Debug|Any CPU.ActiveCfg = Debug|Any CPU
		{83C10928-8246-40DC-99CC-DC78C0A96848}.Debug|Any CPU.Build.0 = Debug|Any CPU
		{83C10928-8246-40DC-99CC-DC78C0A96848}.Debug|x64.ActiveCfg = Debug|Any CPU
		{83C10928-8246-40DC-99CC-DC78C0A96848}.Debug|x64.Build.0 = Debug|Any CPU
		{83C10928-8246-40DC-99CC-DC78C0A96848}.Debug|x86.ActiveCfg = Debug|Any CPU
		{83C10928-8246-40DC-99CC-DC78C0A96848}.Debug|x86.Build.0 = Debug|Any CPU
		{83C10928-8246-40DC-99CC-DC78C0A96848}.Release|Any CPU.ActiveCfg = Release|Any CPU
		{83C10928-8246-40DC-99CC-DC78C0A96848}.Release|Any CPU.Build.0 = Release|Any CPU
		{83C10928-8246-40DC-99CC-DC78C0A96848}.Release|x64.ActiveCfg = Release|Any CPU
		{83C10928-8246-40DC-99CC-DC78C0A96848}.Release|x64.Build.0 = Release|Any CPU
		{83C10928-8246-40DC-99CC-DC78C0A96848}.Release|x86.ActiveCfg = Release|Any CPU
		{83C10928-8246-40DC-99CC-DC78C0A96848}.Release|x86.Build.0 = Release|Any CPU
		{4A9C36EB-C699-4FE9-A768-ED34A0A9C8CA}.Debug|Any CPU.ActiveCfg = Debug|Any CPU
		{4A9C36EB-C699-4FE9-A768-ED34A0A9C8CA}.Debug|Any CPU.Build.0 = Debug|Any CPU
		{4A9C36EB-C699-4FE9-A768-ED34A0A9C8CA}.Debug|x64.ActiveCfg = Debug|Any CPU
		{4A9C36EB-C699-4FE9-A768-ED34A0A9C8CA}.Debug|x64.Build.0 = Debug|Any CPU
		{4A9C36EB-C699-4FE9-A768-ED34A0A9C8CA}.Debug|x86.ActiveCfg = Debug|Any CPU
		{4A9C36EB-C699-4FE9-A768-ED34A0A9C8CA}.Debug|x86.Build.0 = Debug|Any CPU
		{4A9C36EB-C699-4FE9-A768-ED34A0A9C8CA}.Release|Any CPU.ActiveCfg = Release|Any CPU
		{4A9C36EB-C699-4FE9-A768-ED34A0A9C8CA}.Release|Any CPU.Build.0 = Release|Any CPU
		{4A9C36EB-C699-4FE9-A768-ED34A0A9C8CA}.Release|x64.ActiveCfg = Release|Any CPU
		{4A9C36EB-C699-4FE9-A768-ED34A0A9C8CA}.Release|x64.Build.0 = Release|Any CPU
		{4A9C36EB-C699-4FE9-A768-ED34A0A9C8CA}.Release|x86.ActiveCfg = Release|Any CPU
		{4A9C36EB-C699-4FE9-A768-ED34A0A9C8CA}.Release|x86.Build.0 = Release|Any CPU
		{76F0BFDF-E94D-4940-A4E2-B3F332DD1C8D}.Debug|Any CPU.ActiveCfg = Debug|Any CPU
		{76F0BFDF-E94D-4940-A4E2-B3F332DD1C8D}.Debug|Any CPU.Build.0 = Debug|Any CPU
		{76F0BFDF-E94D-4940-A4E2-B3F332DD1C8D}.Debug|x64.ActiveCfg = Debug|Any CPU
		{76F0BFDF-E94D-4940-A4E2-B3F332DD1C8D}.Debug|x64.Build.0 = Debug|Any CPU
		{76F0BFDF-E94D-4940-A4E2-B3F332DD1C8D}.Debug|x86.ActiveCfg = Debug|Any CPU
		{76F0BFDF-E94D-4940-A4E2-B3F332DD1C8D}.Debug|x86.Build.0 = Debug|Any CPU
		{76F0BFDF-E94D-4940-A4E2-B3F332DD1C8D}.Release|Any CPU.ActiveCfg = Release|Any CPU
		{76F0BFDF-E94D-4940-A4E2-B3F332DD1C8D}.Release|Any CPU.Build.0 = Release|Any CPU
		{76F0BFDF-E94D-4940-A4E2-B3F332DD1C8D}.Release|x64.ActiveCfg = Release|Any CPU
		{76F0BFDF-E94D-4940-A4E2-B3F332DD1C8D}.Release|x64.Build.0 = Release|Any CPU
		{76F0BFDF-E94D-4940-A4E2-B3F332DD1C8D}.Release|x86.ActiveCfg = Release|Any CPU
		{76F0BFDF-E94D-4940-A4E2-B3F332DD1C8D}.Release|x86.Build.0 = Release|Any CPU
		{A605056E-CF6D-4F63-9062-170F33AEF944}.Debug|Any CPU.ActiveCfg = Debug|Any CPU
		{A605056E-CF6D-4F63-9062-170F33AEF944}.Debug|Any CPU.Build.0 = Debug|Any CPU
		{A605056E-CF6D-4F63-9062-170F33AEF944}.Debug|x64.ActiveCfg = Debug|Any CPU
		{A605056E-CF6D-4F63-9062-170F33AEF944}.Debug|x64.Build.0 = Debug|Any CPU
		{A605056E-CF6D-4F63-9062-170F33AEF944}.Debug|x86.ActiveCfg = Debug|Any CPU
		{A605056E-CF6D-4F63-9062-170F33AEF944}.Debug|x86.Build.0 = Debug|Any CPU
		{A605056E-CF6D-4F63-9062-170F33AEF944}.Release|Any CPU.ActiveCfg = Release|Any CPU
		{A605056E-CF6D-4F63-9062-170F33AEF944}.Release|Any CPU.Build.0 = Release|Any CPU
		{A605056E-CF6D-4F63-9062-170F33AEF944}.Release|x64.ActiveCfg = Release|Any CPU
		{A605056E-CF6D-4F63-9062-170F33AEF944}.Release|x64.Build.0 = Release|Any CPU
		{A605056E-CF6D-4F63-9062-170F33AEF944}.Release|x86.ActiveCfg = Release|Any CPU
		{A605056E-CF6D-4F63-9062-170F33AEF944}.Release|x86.Build.0 = Release|Any CPU
		{3B41D7FD-1540-453E-BCDA-4C8F88658AA1}.Debug|Any CPU.ActiveCfg = Debug|Any CPU
		{3B41D7FD-1540-453E-BCDA-4C8F88658AA1}.Debug|Any CPU.Build.0 = Debug|Any CPU
		{3B41D7FD-1540-453E-BCDA-4C8F88658AA1}.Debug|x64.ActiveCfg = Debug|Any CPU
		{3B41D7FD-1540-453E-BCDA-4C8F88658AA1}.Debug|x64.Build.0 = Debug|Any CPU
		{3B41D7FD-1540-453E-BCDA-4C8F88658AA1}.Debug|x86.ActiveCfg = Debug|Any CPU
		{3B41D7FD-1540-453E-BCDA-4C8F88658AA1}.Debug|x86.Build.0 = Debug|Any CPU
		{3B41D7FD-1540-453E-BCDA-4C8F88658AA1}.Release|Any CPU.ActiveCfg = Release|Any CPU
		{3B41D7FD-1540-453E-BCDA-4C8F88658AA1}.Release|Any CPU.Build.0 = Release|Any CPU
		{3B41D7FD-1540-453E-BCDA-4C8F88658AA1}.Release|x64.ActiveCfg = Release|Any CPU
		{3B41D7FD-1540-453E-BCDA-4C8F88658AA1}.Release|x64.Build.0 = Release|Any CPU
		{3B41D7FD-1540-453E-BCDA-4C8F88658AA1}.Release|x86.ActiveCfg = Release|Any CPU
		{3B41D7FD-1540-453E-BCDA-4C8F88658AA1}.Release|x86.Build.0 = Release|Any CPU
		{B21267B7-D581-49C8-83AB-A01F42C3FA6B}.Debug|Any CPU.ActiveCfg = Debug|Any CPU
		{B21267B7-D581-49C8-83AB-A01F42C3FA6B}.Debug|Any CPU.Build.0 = Debug|Any CPU
		{B21267B7-D581-49C8-83AB-A01F42C3FA6B}.Debug|x64.ActiveCfg = Debug|Any CPU
		{B21267B7-D581-49C8-83AB-A01F42C3FA6B}.Debug|x64.Build.0 = Debug|Any CPU
		{B21267B7-D581-49C8-83AB-A01F42C3FA6B}.Debug|x86.ActiveCfg = Debug|Any CPU
		{B21267B7-D581-49C8-83AB-A01F42C3FA6B}.Debug|x86.Build.0 = Debug|Any CPU
		{B21267B7-D581-49C8-83AB-A01F42C3FA6B}.Release|Any CPU.ActiveCfg = Release|Any CPU
		{B21267B7-D581-49C8-83AB-A01F42C3FA6B}.Release|Any CPU.Build.0 = Release|Any CPU
		{B21267B7-D581-49C8-83AB-A01F42C3FA6B}.Release|x64.ActiveCfg = Release|Any CPU
		{B21267B7-D581-49C8-83AB-A01F42C3FA6B}.Release|x64.Build.0 = Release|Any CPU
		{B21267B7-D581-49C8-83AB-A01F42C3FA6B}.Release|x86.ActiveCfg = Release|Any CPU
		{B21267B7-D581-49C8-83AB-A01F42C3FA6B}.Release|x86.Build.0 = Release|Any CPU
		{5F15AF69-8A30-434F-B57E-2A7F7D887DB8}.Debug|Any CPU.ActiveCfg = Debug|Any CPU
		{5F15AF69-8A30-434F-B57E-2A7F7D887DB8}.Debug|Any CPU.Build.0 = Debug|Any CPU
		{5F15AF69-8A30-434F-B57E-2A7F7D887DB8}.Debug|x64.ActiveCfg = Debug|Any CPU
		{5F15AF69-8A30-434F-B57E-2A7F7D887DB8}.Debug|x64.Build.0 = Debug|Any CPU
		{5F15AF69-8A30-434F-B57E-2A7F7D887DB8}.Debug|x86.ActiveCfg = Debug|Any CPU
		{5F15AF69-8A30-434F-B57E-2A7F7D887DB8}.Debug|x86.Build.0 = Debug|Any CPU
		{5F15AF69-8A30-434F-B57E-2A7F7D887DB8}.Release|Any CPU.ActiveCfg = Release|Any CPU
		{5F15AF69-8A30-434F-B57E-2A7F7D887DB8}.Release|Any CPU.Build.0 = Release|Any CPU
		{5F15AF69-8A30-434F-B57E-2A7F7D887DB8}.Release|x64.ActiveCfg = Release|Any CPU
		{5F15AF69-8A30-434F-B57E-2A7F7D887DB8}.Release|x64.Build.0 = Release|Any CPU
		{5F15AF69-8A30-434F-B57E-2A7F7D887DB8}.Release|x86.ActiveCfg = Release|Any CPU
		{5F15AF69-8A30-434F-B57E-2A7F7D887DB8}.Release|x86.Build.0 = Release|Any CPU
		{EAAE9A24-10AF-43DB-B038-66741CD19F41}.Debug|Any CPU.ActiveCfg = Debug|Any CPU
		{EAAE9A24-10AF-43DB-B038-66741CD19F41}.Debug|Any CPU.Build.0 = Debug|Any CPU
		{EAAE9A24-10AF-43DB-B038-66741CD19F41}.Debug|x64.ActiveCfg = Debug|Any CPU
		{EAAE9A24-10AF-43DB-B038-66741CD19F41}.Debug|x64.Build.0 = Debug|Any CPU
		{EAAE9A24-10AF-43DB-B038-66741CD19F41}.Debug|x86.ActiveCfg = Debug|Any CPU
		{EAAE9A24-10AF-43DB-B038-66741CD19F41}.Debug|x86.Build.0 = Debug|Any CPU
		{EAAE9A24-10AF-43DB-B038-66741CD19F41}.Release|Any CPU.ActiveCfg = Release|Any CPU
		{EAAE9A24-10AF-43DB-B038-66741CD19F41}.Release|Any CPU.Build.0 = Release|Any CPU
		{EAAE9A24-10AF-43DB-B038-66741CD19F41}.Release|x64.ActiveCfg = Release|Any CPU
		{EAAE9A24-10AF-43DB-B038-66741CD19F41}.Release|x64.Build.0 = Release|Any CPU
		{EAAE9A24-10AF-43DB-B038-66741CD19F41}.Release|x86.ActiveCfg = Release|Any CPU
		{EAAE9A24-10AF-43DB-B038-66741CD19F41}.Release|x86.Build.0 = Release|Any CPU
		{EE3B7C91-6C78-44B5-92BD-49C151B7FB93}.Debug|Any CPU.ActiveCfg = Debug|Any CPU
		{EE3B7C91-6C78-44B5-92BD-49C151B7FB93}.Debug|Any CPU.Build.0 = Debug|Any CPU
		{EE3B7C91-6C78-44B5-92BD-49C151B7FB93}.Debug|x64.ActiveCfg = Debug|Any CPU
		{EE3B7C91-6C78-44B5-92BD-49C151B7FB93}.Debug|x64.Build.0 = Debug|Any CPU
		{EE3B7C91-6C78-44B5-92BD-49C151B7FB93}.Debug|x86.ActiveCfg = Debug|Any CPU
		{EE3B7C91-6C78-44B5-92BD-49C151B7FB93}.Debug|x86.Build.0 = Debug|Any CPU
		{EE3B7C91-6C78-44B5-92BD-49C151B7FB93}.Release|Any CPU.ActiveCfg = Release|Any CPU
		{EE3B7C91-6C78-44B5-92BD-49C151B7FB93}.Release|Any CPU.Build.0 = Release|Any CPU
		{EE3B7C91-6C78-44B5-92BD-49C151B7FB93}.Release|x64.ActiveCfg = Release|Any CPU
		{EE3B7C91-6C78-44B5-92BD-49C151B7FB93}.Release|x64.Build.0 = Release|Any CPU
		{EE3B7C91-6C78-44B5-92BD-49C151B7FB93}.Release|x86.ActiveCfg = Release|Any CPU
		{EE3B7C91-6C78-44B5-92BD-49C151B7FB93}.Release|x86.Build.0 = Release|Any CPU
		{B20A5B57-9F55-4E85-82F7-0F10988885F0}.Debug|Any CPU.ActiveCfg = Debug|Any CPU
		{B20A5B57-9F55-4E85-82F7-0F10988885F0}.Debug|Any CPU.Build.0 = Debug|Any CPU
		{B20A5B57-9F55-4E85-82F7-0F10988885F0}.Debug|x64.ActiveCfg = Debug|Any CPU
		{B20A5B57-9F55-4E85-82F7-0F10988885F0}.Debug|x64.Build.0 = Debug|Any CPU
		{B20A5B57-9F55-4E85-82F7-0F10988885F0}.Debug|x86.ActiveCfg = Debug|Any CPU
		{B20A5B57-9F55-4E85-82F7-0F10988885F0}.Debug|x86.Build.0 = Debug|Any CPU
		{B20A5B57-9F55-4E85-82F7-0F10988885F0}.Release|Any CPU.ActiveCfg = Release|Any CPU
		{B20A5B57-9F55-4E85-82F7-0F10988885F0}.Release|Any CPU.Build.0 = Release|Any CPU
		{B20A5B57-9F55-4E85-82F7-0F10988885F0}.Release|x64.ActiveCfg = Release|Any CPU
		{B20A5B57-9F55-4E85-82F7-0F10988885F0}.Release|x64.Build.0 = Release|Any CPU
		{B20A5B57-9F55-4E85-82F7-0F10988885F0}.Release|x86.ActiveCfg = Release|Any CPU
		{B20A5B57-9F55-4E85-82F7-0F10988885F0}.Release|x86.Build.0 = Release|Any CPU
		{E8140D95-15FD-4616-BCE7-44FF218496E6}.Debug|Any CPU.ActiveCfg = Debug|Any CPU
		{E8140D95-15FD-4616-BCE7-44FF218496E6}.Debug|Any CPU.Build.0 = Debug|Any CPU
		{E8140D95-15FD-4616-BCE7-44FF218496E6}.Debug|x64.ActiveCfg = Debug|Any CPU
		{E8140D95-15FD-4616-BCE7-44FF218496E6}.Debug|x64.Build.0 = Debug|Any CPU
		{E8140D95-15FD-4616-BCE7-44FF218496E6}.Debug|x86.ActiveCfg = Debug|Any CPU
		{E8140D95-15FD-4616-BCE7-44FF218496E6}.Debug|x86.Build.0 = Debug|Any CPU
		{E8140D95-15FD-4616-BCE7-44FF218496E6}.Release|Any CPU.ActiveCfg = Release|Any CPU
		{E8140D95-15FD-4616-BCE7-44FF218496E6}.Release|Any CPU.Build.0 = Release|Any CPU
		{E8140D95-15FD-4616-BCE7-44FF218496E6}.Release|x64.ActiveCfg = Release|Any CPU
		{E8140D95-15FD-4616-BCE7-44FF218496E6}.Release|x64.Build.0 = Release|Any CPU
		{E8140D95-15FD-4616-BCE7-44FF218496E6}.Release|x86.ActiveCfg = Release|Any CPU
		{E8140D95-15FD-4616-BCE7-44FF218496E6}.Release|x86.Build.0 = Release|Any CPU
		{71C4B0F5-8F38-40BF-94E5-DB6CBA1465E5}.Debug|Any CPU.ActiveCfg = Debug|Any CPU
		{71C4B0F5-8F38-40BF-94E5-DB6CBA1465E5}.Debug|Any CPU.Build.0 = Debug|Any CPU
		{71C4B0F5-8F38-40BF-94E5-DB6CBA1465E5}.Debug|x64.ActiveCfg = Debug|Any CPU
		{71C4B0F5-8F38-40BF-94E5-DB6CBA1465E5}.Debug|x64.Build.0 = Debug|Any CPU
		{71C4B0F5-8F38-40BF-94E5-DB6CBA1465E5}.Debug|x86.ActiveCfg = Debug|Any CPU
		{71C4B0F5-8F38-40BF-94E5-DB6CBA1465E5}.Debug|x86.Build.0 = Debug|Any CPU
		{71C4B0F5-8F38-40BF-94E5-DB6CBA1465E5}.Release|Any CPU.ActiveCfg = Release|Any CPU
		{71C4B0F5-8F38-40BF-94E5-DB6CBA1465E5}.Release|Any CPU.Build.0 = Release|Any CPU
		{71C4B0F5-8F38-40BF-94E5-DB6CBA1465E5}.Release|x64.ActiveCfg = Release|Any CPU
		{71C4B0F5-8F38-40BF-94E5-DB6CBA1465E5}.Release|x64.Build.0 = Release|Any CPU
		{71C4B0F5-8F38-40BF-94E5-DB6CBA1465E5}.Release|x86.ActiveCfg = Release|Any CPU
		{71C4B0F5-8F38-40BF-94E5-DB6CBA1465E5}.Release|x86.Build.0 = Release|Any CPU
		{EEB286C0-BD1A-49B6-998B-D3C560B4EB90}.Debug|Any CPU.ActiveCfg = Debug|Any CPU
		{EEB286C0-BD1A-49B6-998B-D3C560B4EB90}.Debug|Any CPU.Build.0 = Debug|Any CPU
		{EEB286C0-BD1A-49B6-998B-D3C560B4EB90}.Debug|x64.ActiveCfg = Debug|Any CPU
		{EEB286C0-BD1A-49B6-998B-D3C560B4EB90}.Debug|x64.Build.0 = Debug|Any CPU
		{EEB286C0-BD1A-49B6-998B-D3C560B4EB90}.Debug|x86.ActiveCfg = Debug|Any CPU
		{EEB286C0-BD1A-49B6-998B-D3C560B4EB90}.Debug|x86.Build.0 = Debug|Any CPU
		{EEB286C0-BD1A-49B6-998B-D3C560B4EB90}.Release|Any CPU.ActiveCfg = Release|Any CPU
		{EEB286C0-BD1A-49B6-998B-D3C560B4EB90}.Release|Any CPU.Build.0 = Release|Any CPU
		{EEB286C0-BD1A-49B6-998B-D3C560B4EB90}.Release|x64.ActiveCfg = Release|Any CPU
		{EEB286C0-BD1A-49B6-998B-D3C560B4EB90}.Release|x64.Build.0 = Release|Any CPU
		{EEB286C0-BD1A-49B6-998B-D3C560B4EB90}.Release|x86.ActiveCfg = Release|Any CPU
		{EEB286C0-BD1A-49B6-998B-D3C560B4EB90}.Release|x86.Build.0 = Release|Any CPU
		{159C2749-CA75-4465-B636-9F939C52C6F2}.Debug|Any CPU.ActiveCfg = Debug|Any CPU
		{159C2749-CA75-4465-B636-9F939C52C6F2}.Debug|Any CPU.Build.0 = Debug|Any CPU
		{159C2749-CA75-4465-B636-9F939C52C6F2}.Debug|x64.ActiveCfg = Debug|Any CPU
		{159C2749-CA75-4465-B636-9F939C52C6F2}.Debug|x64.Build.0 = Debug|Any CPU
		{159C2749-CA75-4465-B636-9F939C52C6F2}.Debug|x86.ActiveCfg = Debug|Any CPU
		{159C2749-CA75-4465-B636-9F939C52C6F2}.Debug|x86.Build.0 = Debug|Any CPU
		{159C2749-CA75-4465-B636-9F939C52C6F2}.Release|Any CPU.ActiveCfg = Release|Any CPU
		{159C2749-CA75-4465-B636-9F939C52C6F2}.Release|Any CPU.Build.0 = Release|Any CPU
		{159C2749-CA75-4465-B636-9F939C52C6F2}.Release|x64.ActiveCfg = Release|Any CPU
		{159C2749-CA75-4465-B636-9F939C52C6F2}.Release|x64.Build.0 = Release|Any CPU
		{159C2749-CA75-4465-B636-9F939C52C6F2}.Release|x86.ActiveCfg = Release|Any CPU
		{159C2749-CA75-4465-B636-9F939C52C6F2}.Release|x86.Build.0 = Release|Any CPU
		{07EA19E3-AE05-48E4-AD11-3C4AF37F7AB2}.Debug|Any CPU.ActiveCfg = Debug|Any CPU
		{07EA19E3-AE05-48E4-AD11-3C4AF37F7AB2}.Debug|Any CPU.Build.0 = Debug|Any CPU
		{07EA19E3-AE05-48E4-AD11-3C4AF37F7AB2}.Debug|x64.ActiveCfg = Debug|Any CPU
		{07EA19E3-AE05-48E4-AD11-3C4AF37F7AB2}.Debug|x64.Build.0 = Debug|Any CPU
		{07EA19E3-AE05-48E4-AD11-3C4AF37F7AB2}.Debug|x86.ActiveCfg = Debug|Any CPU
		{07EA19E3-AE05-48E4-AD11-3C4AF37F7AB2}.Debug|x86.Build.0 = Debug|Any CPU
		{07EA19E3-AE05-48E4-AD11-3C4AF37F7AB2}.Release|Any CPU.ActiveCfg = Release|Any CPU
		{07EA19E3-AE05-48E4-AD11-3C4AF37F7AB2}.Release|Any CPU.Build.0 = Release|Any CPU
		{07EA19E3-AE05-48E4-AD11-3C4AF37F7AB2}.Release|x64.ActiveCfg = Release|Any CPU
		{07EA19E3-AE05-48E4-AD11-3C4AF37F7AB2}.Release|x64.Build.0 = Release|Any CPU
		{07EA19E3-AE05-48E4-AD11-3C4AF37F7AB2}.Release|x86.ActiveCfg = Release|Any CPU
		{07EA19E3-AE05-48E4-AD11-3C4AF37F7AB2}.Release|x86.Build.0 = Release|Any CPU
		{04D09A45-D7F9-4874-8AC1-29E086037C31}.Debug|Any CPU.ActiveCfg = Debug|Any CPU
		{04D09A45-D7F9-4874-8AC1-29E086037C31}.Debug|Any CPU.Build.0 = Debug|Any CPU
		{04D09A45-D7F9-4874-8AC1-29E086037C31}.Debug|x64.ActiveCfg = Debug|Any CPU
		{04D09A45-D7F9-4874-8AC1-29E086037C31}.Debug|x64.Build.0 = Debug|Any CPU
		{04D09A45-D7F9-4874-8AC1-29E086037C31}.Debug|x86.ActiveCfg = Debug|Any CPU
		{04D09A45-D7F9-4874-8AC1-29E086037C31}.Debug|x86.Build.0 = Debug|Any CPU
		{04D09A45-D7F9-4874-8AC1-29E086037C31}.Release|Any CPU.ActiveCfg = Release|Any CPU
		{04D09A45-D7F9-4874-8AC1-29E086037C31}.Release|Any CPU.Build.0 = Release|Any CPU
		{04D09A45-D7F9-4874-8AC1-29E086037C31}.Release|x64.ActiveCfg = Release|Any CPU
		{04D09A45-D7F9-4874-8AC1-29E086037C31}.Release|x64.Build.0 = Release|Any CPU
		{04D09A45-D7F9-4874-8AC1-29E086037C31}.Release|x86.ActiveCfg = Release|Any CPU
		{04D09A45-D7F9-4874-8AC1-29E086037C31}.Release|x86.Build.0 = Release|Any CPU
		{932C1E06-FC27-4858-932E-60CA4EFFE478}.Debug|Any CPU.ActiveCfg = Debug|Any CPU
		{932C1E06-FC27-4858-932E-60CA4EFFE478}.Debug|Any CPU.Build.0 = Debug|Any CPU
		{932C1E06-FC27-4858-932E-60CA4EFFE478}.Debug|x64.ActiveCfg = Debug|Any CPU
		{932C1E06-FC27-4858-932E-60CA4EFFE478}.Debug|x64.Build.0 = Debug|Any CPU
		{932C1E06-FC27-4858-932E-60CA4EFFE478}.Debug|x86.ActiveCfg = Debug|Any CPU
		{932C1E06-FC27-4858-932E-60CA4EFFE478}.Debug|x86.Build.0 = Debug|Any CPU
		{932C1E06-FC27-4858-932E-60CA4EFFE478}.Release|Any CPU.ActiveCfg = Release|Any CPU
		{932C1E06-FC27-4858-932E-60CA4EFFE478}.Release|Any CPU.Build.0 = Release|Any CPU
		{932C1E06-FC27-4858-932E-60CA4EFFE478}.Release|x64.ActiveCfg = Release|Any CPU
		{932C1E06-FC27-4858-932E-60CA4EFFE478}.Release|x64.Build.0 = Release|Any CPU
		{932C1E06-FC27-4858-932E-60CA4EFFE478}.Release|x86.ActiveCfg = Release|Any CPU
		{932C1E06-FC27-4858-932E-60CA4EFFE478}.Release|x86.Build.0 = Release|Any CPU
		{A861F642-FFA2-46BC-8377-39F2A825F177}.Debug|Any CPU.ActiveCfg = Debug|Any CPU
		{A861F642-FFA2-46BC-8377-39F2A825F177}.Debug|Any CPU.Build.0 = Debug|Any CPU
		{A861F642-FFA2-46BC-8377-39F2A825F177}.Debug|x64.ActiveCfg = Debug|Any CPU
		{A861F642-FFA2-46BC-8377-39F2A825F177}.Debug|x64.Build.0 = Debug|Any CPU
		{A861F642-FFA2-46BC-8377-39F2A825F177}.Debug|x86.ActiveCfg = Debug|Any CPU
		{A861F642-FFA2-46BC-8377-39F2A825F177}.Debug|x86.Build.0 = Debug|Any CPU
		{A861F642-FFA2-46BC-8377-39F2A825F177}.Release|Any CPU.ActiveCfg = Release|Any CPU
		{A861F642-FFA2-46BC-8377-39F2A825F177}.Release|Any CPU.Build.0 = Release|Any CPU
		{A861F642-FFA2-46BC-8377-39F2A825F177}.Release|x64.ActiveCfg = Release|Any CPU
		{A861F642-FFA2-46BC-8377-39F2A825F177}.Release|x64.Build.0 = Release|Any CPU
		{A861F642-FFA2-46BC-8377-39F2A825F177}.Release|x86.ActiveCfg = Release|Any CPU
		{A861F642-FFA2-46BC-8377-39F2A825F177}.Release|x86.Build.0 = Release|Any CPU
		{105CD243-9AD3-48EF-A784-FED83B4925DC}.Debug|Any CPU.ActiveCfg = Debug|Any CPU
		{105CD243-9AD3-48EF-A784-FED83B4925DC}.Debug|Any CPU.Build.0 = Debug|Any CPU
		{105CD243-9AD3-48EF-A784-FED83B4925DC}.Debug|x64.ActiveCfg = Debug|Any CPU
		{105CD243-9AD3-48EF-A784-FED83B4925DC}.Debug|x64.Build.0 = Debug|Any CPU
		{105CD243-9AD3-48EF-A784-FED83B4925DC}.Debug|x86.ActiveCfg = Debug|Any CPU
		{105CD243-9AD3-48EF-A784-FED83B4925DC}.Debug|x86.Build.0 = Debug|Any CPU
		{105CD243-9AD3-48EF-A784-FED83B4925DC}.Release|Any CPU.ActiveCfg = Release|Any CPU
		{105CD243-9AD3-48EF-A784-FED83B4925DC}.Release|Any CPU.Build.0 = Release|Any CPU
		{105CD243-9AD3-48EF-A784-FED83B4925DC}.Release|x64.ActiveCfg = Release|Any CPU
		{105CD243-9AD3-48EF-A784-FED83B4925DC}.Release|x64.Build.0 = Release|Any CPU
		{105CD243-9AD3-48EF-A784-FED83B4925DC}.Release|x86.ActiveCfg = Release|Any CPU
		{105CD243-9AD3-48EF-A784-FED83B4925DC}.Release|x86.Build.0 = Release|Any CPU
		{60A0644C-726C-453A-BFB3-21B240F4E4F9}.Debug|Any CPU.ActiveCfg = Debug|Any CPU
		{60A0644C-726C-453A-BFB3-21B240F4E4F9}.Debug|Any CPU.Build.0 = Debug|Any CPU
		{60A0644C-726C-453A-BFB3-21B240F4E4F9}.Debug|x64.ActiveCfg = Debug|Any CPU
		{60A0644C-726C-453A-BFB3-21B240F4E4F9}.Debug|x64.Build.0 = Debug|Any CPU
		{60A0644C-726C-453A-BFB3-21B240F4E4F9}.Debug|x86.ActiveCfg = Debug|Any CPU
		{60A0644C-726C-453A-BFB3-21B240F4E4F9}.Debug|x86.Build.0 = Debug|Any CPU
		{60A0644C-726C-453A-BFB3-21B240F4E4F9}.Release|Any CPU.ActiveCfg = Release|Any CPU
		{60A0644C-726C-453A-BFB3-21B240F4E4F9}.Release|Any CPU.Build.0 = Release|Any CPU
		{60A0644C-726C-453A-BFB3-21B240F4E4F9}.Release|x64.ActiveCfg = Release|Any CPU
		{60A0644C-726C-453A-BFB3-21B240F4E4F9}.Release|x64.Build.0 = Release|Any CPU
		{60A0644C-726C-453A-BFB3-21B240F4E4F9}.Release|x86.ActiveCfg = Release|Any CPU
		{60A0644C-726C-453A-BFB3-21B240F4E4F9}.Release|x86.Build.0 = Release|Any CPU
		{6A8A7AD8-D1FD-4EB3-97DD-EB1810C57B24}.Debug|Any CPU.ActiveCfg = Debug|Any CPU
		{6A8A7AD8-D1FD-4EB3-97DD-EB1810C57B24}.Debug|Any CPU.Build.0 = Debug|Any CPU
		{6A8A7AD8-D1FD-4EB3-97DD-EB1810C57B24}.Debug|x64.ActiveCfg = Debug|Any CPU
		{6A8A7AD8-D1FD-4EB3-97DD-EB1810C57B24}.Debug|x64.Build.0 = Debug|Any CPU
		{6A8A7AD8-D1FD-4EB3-97DD-EB1810C57B24}.Debug|x86.ActiveCfg = Debug|Any CPU
		{6A8A7AD8-D1FD-4EB3-97DD-EB1810C57B24}.Debug|x86.Build.0 = Debug|Any CPU
		{6A8A7AD8-D1FD-4EB3-97DD-EB1810C57B24}.Release|Any CPU.ActiveCfg = Release|Any CPU
		{6A8A7AD8-D1FD-4EB3-97DD-EB1810C57B24}.Release|Any CPU.Build.0 = Release|Any CPU
		{6A8A7AD8-D1FD-4EB3-97DD-EB1810C57B24}.Release|x64.ActiveCfg = Release|Any CPU
		{6A8A7AD8-D1FD-4EB3-97DD-EB1810C57B24}.Release|x64.Build.0 = Release|Any CPU
		{6A8A7AD8-D1FD-4EB3-97DD-EB1810C57B24}.Release|x86.ActiveCfg = Release|Any CPU
		{6A8A7AD8-D1FD-4EB3-97DD-EB1810C57B24}.Release|x86.Build.0 = Release|Any CPU
		{083361A9-12F1-4B64-9F11-90C434085746}.Debug|Any CPU.ActiveCfg = Debug|Any CPU
		{083361A9-12F1-4B64-9F11-90C434085746}.Debug|Any CPU.Build.0 = Debug|Any CPU
		{083361A9-12F1-4B64-9F11-90C434085746}.Debug|x64.ActiveCfg = Debug|Any CPU
		{083361A9-12F1-4B64-9F11-90C434085746}.Debug|x64.Build.0 = Debug|Any CPU
		{083361A9-12F1-4B64-9F11-90C434085746}.Debug|x86.ActiveCfg = Debug|Any CPU
		{083361A9-12F1-4B64-9F11-90C434085746}.Debug|x86.Build.0 = Debug|Any CPU
		{083361A9-12F1-4B64-9F11-90C434085746}.Release|Any CPU.ActiveCfg = Release|Any CPU
		{083361A9-12F1-4B64-9F11-90C434085746}.Release|Any CPU.Build.0 = Release|Any CPU
		{083361A9-12F1-4B64-9F11-90C434085746}.Release|x64.ActiveCfg = Release|Any CPU
		{083361A9-12F1-4B64-9F11-90C434085746}.Release|x64.Build.0 = Release|Any CPU
		{083361A9-12F1-4B64-9F11-90C434085746}.Release|x86.ActiveCfg = Release|Any CPU
		{083361A9-12F1-4B64-9F11-90C434085746}.Release|x86.Build.0 = Release|Any CPU
		{27CE3EB7-3D5B-4AE4-A860-9C5314F9B8F1}.Debug|Any CPU.ActiveCfg = Debug|Any CPU
		{27CE3EB7-3D5B-4AE4-A860-9C5314F9B8F1}.Debug|Any CPU.Build.0 = Debug|Any CPU
		{27CE3EB7-3D5B-4AE4-A860-9C5314F9B8F1}.Debug|x64.ActiveCfg = Debug|Any CPU
		{27CE3EB7-3D5B-4AE4-A860-9C5314F9B8F1}.Debug|x64.Build.0 = Debug|Any CPU
		{27CE3EB7-3D5B-4AE4-A860-9C5314F9B8F1}.Debug|x86.ActiveCfg = Debug|Any CPU
		{27CE3EB7-3D5B-4AE4-A860-9C5314F9B8F1}.Debug|x86.Build.0 = Debug|Any CPU
		{27CE3EB7-3D5B-4AE4-A860-9C5314F9B8F1}.Release|Any CPU.ActiveCfg = Release|Any CPU
		{27CE3EB7-3D5B-4AE4-A860-9C5314F9B8F1}.Release|Any CPU.Build.0 = Release|Any CPU
		{27CE3EB7-3D5B-4AE4-A860-9C5314F9B8F1}.Release|x64.ActiveCfg = Release|Any CPU
		{27CE3EB7-3D5B-4AE4-A860-9C5314F9B8F1}.Release|x64.Build.0 = Release|Any CPU
		{27CE3EB7-3D5B-4AE4-A860-9C5314F9B8F1}.Release|x86.ActiveCfg = Release|Any CPU
		{27CE3EB7-3D5B-4AE4-A860-9C5314F9B8F1}.Release|x86.Build.0 = Release|Any CPU
		{81B9996F-4B65-46E1-80F7-30B14697C0F8}.Debug|Any CPU.ActiveCfg = Debug|Any CPU
		{81B9996F-4B65-46E1-80F7-30B14697C0F8}.Debug|Any CPU.Build.0 = Debug|Any CPU
		{81B9996F-4B65-46E1-80F7-30B14697C0F8}.Debug|x64.ActiveCfg = Debug|Any CPU
		{81B9996F-4B65-46E1-80F7-30B14697C0F8}.Debug|x64.Build.0 = Debug|Any CPU
		{81B9996F-4B65-46E1-80F7-30B14697C0F8}.Debug|x86.ActiveCfg = Debug|Any CPU
		{81B9996F-4B65-46E1-80F7-30B14697C0F8}.Debug|x86.Build.0 = Debug|Any CPU
		{81B9996F-4B65-46E1-80F7-30B14697C0F8}.Release|Any CPU.ActiveCfg = Release|Any CPU
		{81B9996F-4B65-46E1-80F7-30B14697C0F8}.Release|Any CPU.Build.0 = Release|Any CPU
		{81B9996F-4B65-46E1-80F7-30B14697C0F8}.Release|x64.ActiveCfg = Release|Any CPU
		{81B9996F-4B65-46E1-80F7-30B14697C0F8}.Release|x64.Build.0 = Release|Any CPU
		{81B9996F-4B65-46E1-80F7-30B14697C0F8}.Release|x86.ActiveCfg = Release|Any CPU
		{81B9996F-4B65-46E1-80F7-30B14697C0F8}.Release|x86.Build.0 = Release|Any CPU
		{FE6C51E1-76D3-44DE-98A5-8210936113E0}.Debug|Any CPU.ActiveCfg = Debug|Any CPU
		{FE6C51E1-76D3-44DE-98A5-8210936113E0}.Debug|Any CPU.Build.0 = Debug|Any CPU
		{FE6C51E1-76D3-44DE-98A5-8210936113E0}.Debug|x64.ActiveCfg = Debug|Any CPU
		{FE6C51E1-76D3-44DE-98A5-8210936113E0}.Debug|x64.Build.0 = Debug|Any CPU
		{FE6C51E1-76D3-44DE-98A5-8210936113E0}.Debug|x86.ActiveCfg = Debug|Any CPU
		{FE6C51E1-76D3-44DE-98A5-8210936113E0}.Debug|x86.Build.0 = Debug|Any CPU
		{FE6C51E1-76D3-44DE-98A5-8210936113E0}.Release|Any CPU.ActiveCfg = Release|Any CPU
		{FE6C51E1-76D3-44DE-98A5-8210936113E0}.Release|Any CPU.Build.0 = Release|Any CPU
		{FE6C51E1-76D3-44DE-98A5-8210936113E0}.Release|x64.ActiveCfg = Release|Any CPU
		{FE6C51E1-76D3-44DE-98A5-8210936113E0}.Release|x64.Build.0 = Release|Any CPU
		{FE6C51E1-76D3-44DE-98A5-8210936113E0}.Release|x86.ActiveCfg = Release|Any CPU
		{FE6C51E1-76D3-44DE-98A5-8210936113E0}.Release|x86.Build.0 = Release|Any CPU
		{EDDD65C7-DE13-4DDF-9D73-0EC2A16D11CE}.Debug|Any CPU.ActiveCfg = Debug|Any CPU
		{EDDD65C7-DE13-4DDF-9D73-0EC2A16D11CE}.Debug|Any CPU.Build.0 = Debug|Any CPU
		{EDDD65C7-DE13-4DDF-9D73-0EC2A16D11CE}.Debug|x64.ActiveCfg = Debug|Any CPU
		{EDDD65C7-DE13-4DDF-9D73-0EC2A16D11CE}.Debug|x64.Build.0 = Debug|Any CPU
		{EDDD65C7-DE13-4DDF-9D73-0EC2A16D11CE}.Debug|x86.ActiveCfg = Debug|Any CPU
		{EDDD65C7-DE13-4DDF-9D73-0EC2A16D11CE}.Debug|x86.Build.0 = Debug|Any CPU
		{EDDD65C7-DE13-4DDF-9D73-0EC2A16D11CE}.Release|Any CPU.ActiveCfg = Release|Any CPU
		{EDDD65C7-DE13-4DDF-9D73-0EC2A16D11CE}.Release|Any CPU.Build.0 = Release|Any CPU
		{EDDD65C7-DE13-4DDF-9D73-0EC2A16D11CE}.Release|x64.ActiveCfg = Release|Any CPU
		{EDDD65C7-DE13-4DDF-9D73-0EC2A16D11CE}.Release|x64.Build.0 = Release|Any CPU
		{EDDD65C7-DE13-4DDF-9D73-0EC2A16D11CE}.Release|x86.ActiveCfg = Release|Any CPU
		{EDDD65C7-DE13-4DDF-9D73-0EC2A16D11CE}.Release|x86.Build.0 = Release|Any CPU
		{F0302FE7-B81D-4228-A7B8-F470169BB277}.Debug|Any CPU.ActiveCfg = Debug|Any CPU
		{F0302FE7-B81D-4228-A7B8-F470169BB277}.Debug|Any CPU.Build.0 = Debug|Any CPU
		{F0302FE7-B81D-4228-A7B8-F470169BB277}.Debug|x64.ActiveCfg = Debug|Any CPU
		{F0302FE7-B81D-4228-A7B8-F470169BB277}.Debug|x64.Build.0 = Debug|Any CPU
		{F0302FE7-B81D-4228-A7B8-F470169BB277}.Debug|x86.ActiveCfg = Debug|Any CPU
		{F0302FE7-B81D-4228-A7B8-F470169BB277}.Debug|x86.Build.0 = Debug|Any CPU
		{F0302FE7-B81D-4228-A7B8-F470169BB277}.Release|Any CPU.ActiveCfg = Release|Any CPU
		{F0302FE7-B81D-4228-A7B8-F470169BB277}.Release|Any CPU.Build.0 = Release|Any CPU
		{F0302FE7-B81D-4228-A7B8-F470169BB277}.Release|x64.ActiveCfg = Release|Any CPU
		{F0302FE7-B81D-4228-A7B8-F470169BB277}.Release|x64.Build.0 = Release|Any CPU
		{F0302FE7-B81D-4228-A7B8-F470169BB277}.Release|x86.ActiveCfg = Release|Any CPU
		{F0302FE7-B81D-4228-A7B8-F470169BB277}.Release|x86.Build.0 = Release|Any CPU
		{CA682DDC-8B21-4590-A617-243DEBC8AFA4}.Debug|Any CPU.ActiveCfg = Debug|Any CPU
		{CA682DDC-8B21-4590-A617-243DEBC8AFA4}.Debug|Any CPU.Build.0 = Debug|Any CPU
		{CA682DDC-8B21-4590-A617-243DEBC8AFA4}.Debug|x64.ActiveCfg = Debug|Any CPU
		{CA682DDC-8B21-4590-A617-243DEBC8AFA4}.Debug|x64.Build.0 = Debug|Any CPU
		{CA682DDC-8B21-4590-A617-243DEBC8AFA4}.Debug|x86.ActiveCfg = Debug|Any CPU
		{CA682DDC-8B21-4590-A617-243DEBC8AFA4}.Debug|x86.Build.0 = Debug|Any CPU
		{CA682DDC-8B21-4590-A617-243DEBC8AFA4}.Release|Any CPU.ActiveCfg = Release|Any CPU
		{CA682DDC-8B21-4590-A617-243DEBC8AFA4}.Release|Any CPU.Build.0 = Release|Any CPU
		{CA682DDC-8B21-4590-A617-243DEBC8AFA4}.Release|x64.ActiveCfg = Release|Any CPU
		{CA682DDC-8B21-4590-A617-243DEBC8AFA4}.Release|x64.Build.0 = Release|Any CPU
		{CA682DDC-8B21-4590-A617-243DEBC8AFA4}.Release|x86.ActiveCfg = Release|Any CPU
		{CA682DDC-8B21-4590-A617-243DEBC8AFA4}.Release|x86.Build.0 = Release|Any CPU
		{4EC02608-B6E1-4F17-B22E-D2EA94B4F426}.Debug|Any CPU.ActiveCfg = Debug|Any CPU
		{4EC02608-B6E1-4F17-B22E-D2EA94B4F426}.Debug|Any CPU.Build.0 = Debug|Any CPU
		{4EC02608-B6E1-4F17-B22E-D2EA94B4F426}.Debug|x64.ActiveCfg = Debug|Any CPU
		{4EC02608-B6E1-4F17-B22E-D2EA94B4F426}.Debug|x64.Build.0 = Debug|Any CPU
		{4EC02608-B6E1-4F17-B22E-D2EA94B4F426}.Debug|x86.ActiveCfg = Debug|Any CPU
		{4EC02608-B6E1-4F17-B22E-D2EA94B4F426}.Debug|x86.Build.0 = Debug|Any CPU
		{4EC02608-B6E1-4F17-B22E-D2EA94B4F426}.Release|Any CPU.ActiveCfg = Release|Any CPU
		{4EC02608-B6E1-4F17-B22E-D2EA94B4F426}.Release|Any CPU.Build.0 = Release|Any CPU
		{4EC02608-B6E1-4F17-B22E-D2EA94B4F426}.Release|x64.ActiveCfg = Release|Any CPU
		{4EC02608-B6E1-4F17-B22E-D2EA94B4F426}.Release|x64.Build.0 = Release|Any CPU
		{4EC02608-B6E1-4F17-B22E-D2EA94B4F426}.Release|x86.ActiveCfg = Release|Any CPU
		{4EC02608-B6E1-4F17-B22E-D2EA94B4F426}.Release|x86.Build.0 = Release|Any CPU
		{E8A3FFD2-98BD-41D7-B436-78017A51B447}.Debug|Any CPU.ActiveCfg = Debug|Any CPU
		{E8A3FFD2-98BD-41D7-B436-78017A51B447}.Debug|Any CPU.Build.0 = Debug|Any CPU
		{E8A3FFD2-98BD-41D7-B436-78017A51B447}.Debug|x64.ActiveCfg = Debug|Any CPU
		{E8A3FFD2-98BD-41D7-B436-78017A51B447}.Debug|x64.Build.0 = Debug|Any CPU
		{E8A3FFD2-98BD-41D7-B436-78017A51B447}.Debug|x86.ActiveCfg = Debug|Any CPU
		{E8A3FFD2-98BD-41D7-B436-78017A51B447}.Debug|x86.Build.0 = Debug|Any CPU
		{E8A3FFD2-98BD-41D7-B436-78017A51B447}.Release|Any CPU.ActiveCfg = Release|Any CPU
		{E8A3FFD2-98BD-41D7-B436-78017A51B447}.Release|Any CPU.Build.0 = Release|Any CPU
		{E8A3FFD2-98BD-41D7-B436-78017A51B447}.Release|x64.ActiveCfg = Release|Any CPU
		{E8A3FFD2-98BD-41D7-B436-78017A51B447}.Release|x64.Build.0 = Release|Any CPU
		{E8A3FFD2-98BD-41D7-B436-78017A51B447}.Release|x86.ActiveCfg = Release|Any CPU
		{E8A3FFD2-98BD-41D7-B436-78017A51B447}.Release|x86.Build.0 = Release|Any CPU
		{30B39BE0-2172-4052-8991-CEAE2A5A66E3}.Debug|Any CPU.ActiveCfg = Debug|Any CPU
		{30B39BE0-2172-4052-8991-CEAE2A5A66E3}.Debug|Any CPU.Build.0 = Debug|Any CPU
		{30B39BE0-2172-4052-8991-CEAE2A5A66E3}.Debug|x64.ActiveCfg = Debug|Any CPU
		{30B39BE0-2172-4052-8991-CEAE2A5A66E3}.Debug|x64.Build.0 = Debug|Any CPU
		{30B39BE0-2172-4052-8991-CEAE2A5A66E3}.Debug|x86.ActiveCfg = Debug|Any CPU
		{30B39BE0-2172-4052-8991-CEAE2A5A66E3}.Debug|x86.Build.0 = Debug|Any CPU
		{30B39BE0-2172-4052-8991-CEAE2A5A66E3}.Release|Any CPU.ActiveCfg = Release|Any CPU
		{30B39BE0-2172-4052-8991-CEAE2A5A66E3}.Release|Any CPU.Build.0 = Release|Any CPU
		{30B39BE0-2172-4052-8991-CEAE2A5A66E3}.Release|x64.ActiveCfg = Release|Any CPU
		{30B39BE0-2172-4052-8991-CEAE2A5A66E3}.Release|x64.Build.0 = Release|Any CPU
		{30B39BE0-2172-4052-8991-CEAE2A5A66E3}.Release|x86.ActiveCfg = Release|Any CPU
		{30B39BE0-2172-4052-8991-CEAE2A5A66E3}.Release|x86.Build.0 = Release|Any CPU
		{970CE477-6AD5-42DA-AF45-28B04CDF1723}.Debug|Any CPU.ActiveCfg = Debug|Any CPU
		{970CE477-6AD5-42DA-AF45-28B04CDF1723}.Debug|Any CPU.Build.0 = Debug|Any CPU
		{970CE477-6AD5-42DA-AF45-28B04CDF1723}.Debug|x64.ActiveCfg = Debug|Any CPU
		{970CE477-6AD5-42DA-AF45-28B04CDF1723}.Debug|x64.Build.0 = Debug|Any CPU
		{970CE477-6AD5-42DA-AF45-28B04CDF1723}.Debug|x86.ActiveCfg = Debug|Any CPU
		{970CE477-6AD5-42DA-AF45-28B04CDF1723}.Debug|x86.Build.0 = Debug|Any CPU
		{970CE477-6AD5-42DA-AF45-28B04CDF1723}.Release|Any CPU.ActiveCfg = Release|Any CPU
		{970CE477-6AD5-42DA-AF45-28B04CDF1723}.Release|Any CPU.Build.0 = Release|Any CPU
		{970CE477-6AD5-42DA-AF45-28B04CDF1723}.Release|x64.ActiveCfg = Release|Any CPU
		{970CE477-6AD5-42DA-AF45-28B04CDF1723}.Release|x64.Build.0 = Release|Any CPU
		{970CE477-6AD5-42DA-AF45-28B04CDF1723}.Release|x86.ActiveCfg = Release|Any CPU
		{970CE477-6AD5-42DA-AF45-28B04CDF1723}.Release|x86.Build.0 = Release|Any CPU
		{8476D1B6-13B7-45CF-A1BC-31575419F954}.Debug|Any CPU.ActiveCfg = Debug|Any CPU
		{8476D1B6-13B7-45CF-A1BC-31575419F954}.Debug|Any CPU.Build.0 = Debug|Any CPU
		{8476D1B6-13B7-45CF-A1BC-31575419F954}.Debug|x64.ActiveCfg = Debug|Any CPU
		{8476D1B6-13B7-45CF-A1BC-31575419F954}.Debug|x64.Build.0 = Debug|Any CPU
		{8476D1B6-13B7-45CF-A1BC-31575419F954}.Debug|x86.ActiveCfg = Debug|Any CPU
		{8476D1B6-13B7-45CF-A1BC-31575419F954}.Debug|x86.Build.0 = Debug|Any CPU
		{8476D1B6-13B7-45CF-A1BC-31575419F954}.Release|Any CPU.ActiveCfg = Release|Any CPU
		{8476D1B6-13B7-45CF-A1BC-31575419F954}.Release|Any CPU.Build.0 = Release|Any CPU
		{8476D1B6-13B7-45CF-A1BC-31575419F954}.Release|x64.ActiveCfg = Release|Any CPU
		{8476D1B6-13B7-45CF-A1BC-31575419F954}.Release|x64.Build.0 = Release|Any CPU
		{8476D1B6-13B7-45CF-A1BC-31575419F954}.Release|x86.ActiveCfg = Release|Any CPU
		{8476D1B6-13B7-45CF-A1BC-31575419F954}.Release|x86.Build.0 = Release|Any CPU
	EndGlobalSection
	GlobalSection(SolutionProperties) = preSolution
		HideSolutionNode = FALSE
	EndGlobalSection
	GlobalSection(NestedProjects) = preSolution
		{4A9C36EB-C699-4FE9-A768-ED34A0A9C8CA} = {E052E523-8633-496C-8EAD-A6646AFAA08F}
		{3B41D7FD-1540-453E-BCDA-4C8F88658AA1} = {E052E523-8633-496C-8EAD-A6646AFAA08F}
		{B21267B7-D581-49C8-83AB-A01F42C3FA6B} = {E052E523-8633-496C-8EAD-A6646AFAA08F}
		{5F15AF69-8A30-434F-B57E-2A7F7D887DB8} = {E052E523-8633-496C-8EAD-A6646AFAA08F}
		{EAAE9A24-10AF-43DB-B038-66741CD19F41} = {E052E523-8633-496C-8EAD-A6646AFAA08F}
		{EE3B7C91-6C78-44B5-92BD-49C151B7FB93} = {E052E523-8633-496C-8EAD-A6646AFAA08F}
		{B20A5B57-9F55-4E85-82F7-0F10988885F0} = {E052E523-8633-496C-8EAD-A6646AFAA08F}
		{E8140D95-15FD-4616-BCE7-44FF218496E6} = {E052E523-8633-496C-8EAD-A6646AFAA08F}
		{71C4B0F5-8F38-40BF-94E5-DB6CBA1465E5} = {E052E523-8633-496C-8EAD-A6646AFAA08F}
		{EEB286C0-BD1A-49B6-998B-D3C560B4EB90} = {E052E523-8633-496C-8EAD-A6646AFAA08F}
		{159C2749-CA75-4465-B636-9F939C52C6F2} = {E052E523-8633-496C-8EAD-A6646AFAA08F}
		{07EA19E3-AE05-48E4-AD11-3C4AF37F7AB2} = {E052E523-8633-496C-8EAD-A6646AFAA08F}
		{04D09A45-D7F9-4874-8AC1-29E086037C31} = {E052E523-8633-496C-8EAD-A6646AFAA08F}
		{932C1E06-FC27-4858-932E-60CA4EFFE478} = {E052E523-8633-496C-8EAD-A6646AFAA08F}
		{A861F642-FFA2-46BC-8377-39F2A825F177} = {E052E523-8633-496C-8EAD-A6646AFAA08F}
		{105CD243-9AD3-48EF-A784-FED83B4925DC} = {E052E523-8633-496C-8EAD-A6646AFAA08F}
		{60A0644C-726C-453A-BFB3-21B240F4E4F9} = {E052E523-8633-496C-8EAD-A6646AFAA08F}
		{6A8A7AD8-D1FD-4EB3-97DD-EB1810C57B24} = {E052E523-8633-496C-8EAD-A6646AFAA08F}
		{083361A9-12F1-4B64-9F11-90C434085746} = {E052E523-8633-496C-8EAD-A6646AFAA08F}
		{27CE3EB7-3D5B-4AE4-A860-9C5314F9B8F1} = {E052E523-8633-496C-8EAD-A6646AFAA08F}
		{81B9996F-4B65-46E1-80F7-30B14697C0F8} = {E052E523-8633-496C-8EAD-A6646AFAA08F}
		{FE6C51E1-76D3-44DE-98A5-8210936113E0} = {E052E523-8633-496C-8EAD-A6646AFAA08F}
		{EDDD65C7-DE13-4DDF-9D73-0EC2A16D11CE} = {E052E523-8633-496C-8EAD-A6646AFAA08F}
		{F0302FE7-B81D-4228-A7B8-F470169BB277} = {E052E523-8633-496C-8EAD-A6646AFAA08F}
		{CA682DDC-8B21-4590-A617-243DEBC8AFA4} = {E052E523-8633-496C-8EAD-A6646AFAA08F}
		{4EC02608-B6E1-4F17-B22E-D2EA94B4F426} = {E052E523-8633-496C-8EAD-A6646AFAA08F}
		{E8A3FFD2-98BD-41D7-B436-78017A51B447} = {E052E523-8633-496C-8EAD-A6646AFAA08F}
		{30B39BE0-2172-4052-8991-CEAE2A5A66E3} = {E052E523-8633-496C-8EAD-A6646AFAA08F}
		{970CE477-6AD5-42DA-AF45-28B04CDF1723} = {E052E523-8633-496C-8EAD-A6646AFAA08F}
		{8476D1B6-13B7-45CF-A1BC-31575419F954} = {E052E523-8633-496C-8EAD-A6646AFAA08F}
	EndGlobalSection
	GlobalSection(ExtensibilityGlobals) = postSolution
		SolutionGuid = {5E1CE253-7AFC-43C9-8EBE-F75F8F316B7F}
	EndGlobalSection
EndGlobal
